
Microsoft Visual Studio Solution File, Format Version 12.00
# Visual Studio 15
VisualStudioVersion = 15.0.26730.10
MinimumVisualStudioVersion = 10.0.40219.1
Project("{FAE04EC0-301F-11D3-BF4B-00C04F79EFBC}") = "AWebDev", "AWebDev\AWebDev.csproj", "{005A5C82-7236-4B66-B64A-E8C9D51CE03E}"
EndProject
Global
	GlobalSection(SolutionConfigurationPlatforms) = preSolution
		Debug|Any CPU = Debug|Any CPU
		Release|Any CPU = Release|Any CPU
	EndGlobalSection
	GlobalSection(ProjectConfigurationPlatforms) = postSolution
		{005A5C82-7236-4B66-B64A-E8C9D51CE03E}.Debug|Any CPU.ActiveCfg = Debug|Any CPU
		{005A5C82-7236-4B66-B64A-E8C9D51CE03E}.Debug|Any CPU.Build.0 = Debug|Any CPU
		{005A5C82-7236-4B66-B64A-E8C9D51CE03E}.Release|Any CPU.ActiveCfg = Release|Any CPU
		{005A5C82-7236-4B66-B64A-E8C9D51CE03E}.Release|Any CPU.Build.0 = Release|Any CPU
	EndGlobalSection
	GlobalSection(SolutionProperties) = preSolution
		HideSolutionNode = FALSE
	EndGlobalSection
	GlobalSection(ExtensibilityGlobals) = postSolution
		SolutionGuid = {FFFD26B2-A287-4360-9BB4-C408FC85DCD8}
	EndGlobalSection
EndGlobal
